// !$*UTF8*$!
{
	archiveVersion = 1;
	classes = {
	};
	objectVersion = 56;
	objects = {

/* Begin PBXBuildFile section */
		08DC0BFD2AAFAACE00F87108 /* AppDelegate.swift in Sources */ = {isa = PBXBuildFile; fileRef = 08DC0BFC2AAFAACE00F87108 /* AppDelegate.swift */; };
		08DC0BFF2AAFAACE00F87108 /* SceneDelegate.swift in Sources */ = {isa = PBXBuildFile; fileRef = 08DC0BFE2AAFAACE00F87108 /* SceneDelegate.swift */; };
		08DC0C012AAFAACE00F87108 /* ListViewController.swift in Sources */ = {isa = PBXBuildFile; fileRef = 08DC0C002AAFAACE00F87108 /* ListViewController.swift */; };
		08DC0C062AAFAACF00F87108 /* Assets.xcassets in Resources */ = {isa = PBXBuildFile; fileRef = 08DC0C052AAFAACF00F87108 /* Assets.xcassets */; };
		08DC0C092AAFAACF00F87108 /* LaunchScreen.storyboard in Resources */ = {isa = PBXBuildFile; fileRef = 08DC0C072AAFAACF00F87108 /* LaunchScreen.storyboard */; };
		08DC0C142AAFACE100F87108 /* Coordinator.swift in Sources */ = {isa = PBXBuildFile; fileRef = 08DC0C132AAFACE100F87108 /* Coordinator.swift */; };
		08DC0C162AAFAD0E00F87108 /* AppCoordinator.swift in Sources */ = {isa = PBXBuildFile; fileRef = 08DC0C152AAFAD0E00F87108 /* AppCoordinator.swift */; };
		08DC0C1E2AAFAE1100F87108 /* PostsCoordinator.swift in Sources */ = {isa = PBXBuildFile; fileRef = 08DC0C1D2AAFAE1100F87108 /* PostsCoordinator.swift */; };
		08DC0C222AAFAF4A00F87108 /* NetworkError.swift in Sources */ = {isa = PBXBuildFile; fileRef = 08DC0C212AAFAF4A00F87108 /* NetworkError.swift */; };
		08DC0C242AAFAF7100F87108 /* Endpoint.swift in Sources */ = {isa = PBXBuildFile; fileRef = 08DC0C232AAFAF7100F87108 /* Endpoint.swift */; };
		08DC0C262AAFAFC400F87108 /* RequestMethod.swift in Sources */ = {isa = PBXBuildFile; fileRef = 08DC0C252AAFAFC400F87108 /* RequestMethod.swift */; };
		08DC0C282AAFB00200F87108 /* HTTPClient.swift in Sources */ = {isa = PBXBuildFile; fileRef = 08DC0C272AAFB00200F87108 /* HTTPClient.swift */; };
		08DC0C2A2AAFB03800F87108 /* PostsEndpoint.swift in Sources */ = {isa = PBXBuildFile; fileRef = 08DC0C292AAFB03800F87108 /* PostsEndpoint.swift */; };
		08DC0C2C2AAFB42A00F87108 /* PostsNetworkService.swift in Sources */ = {isa = PBXBuildFile; fileRef = 08DC0C2B2AAFB42A00F87108 /* PostsNetworkService.swift */; };
		08DC0C2E2AAFB55000F87108 /* User.swift in Sources */ = {isa = PBXBuildFile; fileRef = 08DC0C2D2AAFB55000F87108 /* User.swift */; };
		08DC0C302AAFB5CB00F87108 /* Post.swift in Sources */ = {isa = PBXBuildFile; fileRef = 08DC0C2F2AAFB5CB00F87108 /* Post.swift */; };
		08DC0C322AAFB5ED00F87108 /* Comment.swift in Sources */ = {isa = PBXBuildFile; fileRef = 08DC0C312AAFB5ED00F87108 /* Comment.swift */; };
		08DC0C342AAFB96200F87108 /* ListViewModel.swift in Sources */ = {isa = PBXBuildFile; fileRef = 08DC0C332AAFB96200F87108 /* ListViewModel.swift */; };
		08DC0C372AAFBC1300F87108 /* RxCocoa in Frameworks */ = {isa = PBXBuildFile; productRef = 08DC0C362AAFBC1300F87108 /* RxCocoa */; };
		08DC0C392AAFBC1300F87108 /* RxRelay in Frameworks */ = {isa = PBXBuildFile; productRef = 08DC0C382AAFBC1300F87108 /* RxRelay */; };
		08DC0C3B2AAFBC1300F87108 /* RxSwift in Frameworks */ = {isa = PBXBuildFile; productRef = 08DC0C3A2AAFBC1300F87108 /* RxSwift */; };
		08DC0C3E2AAFBC3100F87108 /* Swinject in Frameworks */ = {isa = PBXBuildFile; productRef = 08DC0C3D2AAFBC3100F87108 /* Swinject */; };
		08DC0C402AAFBC8D00F87108 /* PostsContainer.swift in Sources */ = {isa = PBXBuildFile; fileRef = 08DC0C3F2AAFBC8D00F87108 /* PostsContainer.swift */; };
		08DC0C442AAFBE6B00F87108 /* PostsDataService.swift in Sources */ = {isa = PBXBuildFile; fileRef = 08DC0C432AAFBE6B00F87108 /* PostsDataService.swift */; };
/* End PBXBuildFile section */

/* Begin PBXFileReference section */
		08DC0BF92AAFAACE00F87108 /* PostsApp.app */ = {isa = PBXFileReference; explicitFileType = wrapper.application; includeInIndex = 0; path = PostsApp.app; sourceTree = BUILT_PRODUCTS_DIR; };
		08DC0BFC2AAFAACE00F87108 /* AppDelegate.swift */ = {isa = PBXFileReference; lastKnownFileType = sourcecode.swift; path = AppDelegate.swift; sourceTree = "<group>"; };
		08DC0BFE2AAFAACE00F87108 /* SceneDelegate.swift */ = {isa = PBXFileReference; lastKnownFileType = sourcecode.swift; path = SceneDelegate.swift; sourceTree = "<group>"; };
		08DC0C002AAFAACE00F87108 /* ListViewController.swift */ = {isa = PBXFileReference; lastKnownFileType = sourcecode.swift; path = ListViewController.swift; sourceTree = "<group>"; };
		08DC0C052AAFAACF00F87108 /* Assets.xcassets */ = {isa = PBXFileReference; lastKnownFileType = folder.assetcatalog; path = Assets.xcassets; sourceTree = "<group>"; };
		08DC0C082AAFAACF00F87108 /* Base */ = {isa = PBXFileReference; lastKnownFileType = file.storyboard; name = Base; path = Base.lproj/LaunchScreen.storyboard; sourceTree = "<group>"; };
		08DC0C0A2AAFAACF00F87108 /* Info.plist */ = {isa = PBXFileReference; lastKnownFileType = text.plist.xml; path = Info.plist; sourceTree = "<group>"; };
		08DC0C132AAFACE100F87108 /* Coordinator.swift */ = {isa = PBXFileReference; lastKnownFileType = sourcecode.swift; path = Coordinator.swift; sourceTree = "<group>"; };
		08DC0C152AAFAD0E00F87108 /* AppCoordinator.swift */ = {isa = PBXFileReference; lastKnownFileType = sourcecode.swift; path = AppCoordinator.swift; sourceTree = "<group>"; };
		08DC0C1D2AAFAE1100F87108 /* PostsCoordinator.swift */ = {isa = PBXFileReference; lastKnownFileType = sourcecode.swift; path = PostsCoordinator.swift; sourceTree = "<group>"; };
		08DC0C212AAFAF4A00F87108 /* NetworkError.swift */ = {isa = PBXFileReference; lastKnownFileType = sourcecode.swift; path = NetworkError.swift; sourceTree = "<group>"; };
		08DC0C232AAFAF7100F87108 /* Endpoint.swift */ = {isa = PBXFileReference; lastKnownFileType = sourcecode.swift; path = Endpoint.swift; sourceTree = "<group>"; };
		08DC0C252AAFAFC400F87108 /* RequestMethod.swift */ = {isa = PBXFileReference; lastKnownFileType = sourcecode.swift; path = RequestMethod.swift; sourceTree = "<group>"; };
		08DC0C272AAFB00200F87108 /* HTTPClient.swift */ = {isa = PBXFileReference; lastKnownFileType = sourcecode.swift; path = HTTPClient.swift; sourceTree = "<group>"; };
		08DC0C292AAFB03800F87108 /* PostsEndpoint.swift */ = {isa = PBXFileReference; lastKnownFileType = sourcecode.swift; path = PostsEndpoint.swift; sourceTree = "<group>"; };
		08DC0C2B2AAFB42A00F87108 /* PostsNetworkService.swift */ = {isa = PBXFileReference; lastKnownFileType = sourcecode.swift; path = PostsNetworkService.swift; sourceTree = "<group>"; };
		08DC0C2D2AAFB55000F87108 /* User.swift */ = {isa = PBXFileReference; lastKnownFileType = sourcecode.swift; path = User.swift; sourceTree = "<group>"; };
		08DC0C2F2AAFB5CB00F87108 /* Post.swift */ = {isa = PBXFileReference; lastKnownFileType = sourcecode.swift; path = Post.swift; sourceTree = "<group>"; };
		08DC0C312AAFB5ED00F87108 /* Comment.swift */ = {isa = PBXFileReference; lastKnownFileType = sourcecode.swift; path = Comment.swift; sourceTree = "<group>"; };
		08DC0C332AAFB96200F87108 /* ListViewModel.swift */ = {isa = PBXFileReference; lastKnownFileType = sourcecode.swift; path = ListViewModel.swift; sourceTree = "<group>"; };
		08DC0C3F2AAFBC8D00F87108 /* PostsContainer.swift */ = {isa = PBXFileReference; lastKnownFileType = sourcecode.swift; path = PostsContainer.swift; sourceTree = "<group>"; };
		08DC0C432AAFBE6B00F87108 /* PostsDataService.swift */ = {isa = PBXFileReference; lastKnownFileType = sourcecode.swift; path = PostsDataService.swift; sourceTree = "<group>"; };
/* End PBXFileReference section */

/* Begin PBXFrameworksBuildPhase section */
		08DC0BF62AAFAACE00F87108 /* Frameworks */ = {
			isa = PBXFrameworksBuildPhase;
			buildActionMask = 2147483647;
			files = (
				08DC0C3B2AAFBC1300F87108 /* RxSwift in Frameworks */,
				08DC0C392AAFBC1300F87108 /* RxRelay in Frameworks */,
				08DC0C372AAFBC1300F87108 /* RxCocoa in Frameworks */,
				08DC0C3E2AAFBC3100F87108 /* Swinject in Frameworks */,
			);
			runOnlyForDeploymentPostprocessing = 0;
		};
/* End PBXFrameworksBuildPhase section */

/* Begin PBXGroup section */
		08DC0BF02AAFAACE00F87108 = {
			isa = PBXGroup;
			children = (
				08DC0BFB2AAFAACE00F87108 /* PostsApp */,
				08DC0BFA2AAFAACE00F87108 /* Products */,
			);
			sourceTree = "<group>";
		};
		08DC0BFA2AAFAACE00F87108 /* Products */ = {
			isa = PBXGroup;
			children = (
				08DC0BF92AAFAACE00F87108 /* PostsApp.app */,
			);
			name = Products;
			sourceTree = "<group>";
		};
		08DC0BFB2AAFAACE00F87108 /* PostsApp */ = {
			isa = PBXGroup;
			children = (
				08DC0C172AAFAD8700F87108 /* PostsScene */,
				08DC0C102AAFABB900F87108 /* Application */,
				08DC0C112AAFABDE00F87108 /* Resources */,
				08DC0C122AAFACB400F87108 /* Common */,
				08DC0C1F2AAFAF1700F87108 /* Services */,
			);
			path = PostsApp;
			sourceTree = "<group>";
		};
		08DC0C102AAFABB900F87108 /* Application */ = {
			isa = PBXGroup;
			children = (
				08DC0BFC2AAFAACE00F87108 /* AppDelegate.swift */,
				08DC0BFE2AAFAACE00F87108 /* SceneDelegate.swift */,
				08DC0C152AAFAD0E00F87108 /* AppCoordinator.swift */,
			);
			path = Application;
			sourceTree = "<group>";
		};
		08DC0C112AAFABDE00F87108 /* Resources */ = {
			isa = PBXGroup;
			children = (
				08DC0C052AAFAACF00F87108 /* Assets.xcassets */,
				08DC0C072AAFAACF00F87108 /* LaunchScreen.storyboard */,
				08DC0C0A2AAFAACF00F87108 /* Info.plist */,
			);
			path = Resources;
			sourceTree = "<group>";
		};
		08DC0C122AAFACB400F87108 /* Common */ = {
			isa = PBXGroup;
			children = (
				08DC0C132AAFACE100F87108 /* Coordinator.swift */,
			);
			path = Common;
			sourceTree = "<group>";
		};
		08DC0C172AAFAD8700F87108 /* PostsScene */ = {
			isa = PBXGroup;
			children = (
				08DC0C182AAFADB300F87108 /* Model */,
				08DC0C1A2AAFADC700F87108 /* View */,
				08DC0C192AAFADB800F87108 /* ViewModel */,
				08DC0C1B2AAFADD300F87108 /* Coordinator */,
				08DC0C1C2AAFADDD00F87108 /* DI */,
			);
			path = PostsScene;
			sourceTree = "<group>";
		};
		08DC0C182AAFADB300F87108 /* Model */ = {
			isa = PBXGroup;
			children = (
				08DC0C2D2AAFB55000F87108 /* User.swift */,
				08DC0C2F2AAFB5CB00F87108 /* Post.swift */,
				08DC0C312AAFB5ED00F87108 /* Comment.swift */,
			);
			path = Model;
			sourceTree = "<group>";
		};
		08DC0C192AAFADB800F87108 /* ViewModel */ = {
			isa = PBXGroup;
			children = (
				08DC0C332AAFB96200F87108 /* ListViewModel.swift */,
			);
			path = ViewModel;
			sourceTree = "<group>";
		};
		08DC0C1A2AAFADC700F87108 /* View */ = {
			isa = PBXGroup;
			children = (
				08DC0C002AAFAACE00F87108 /* ListViewController.swift */,
			);
			path = View;
			sourceTree = "<group>";
		};
		08DC0C1B2AAFADD300F87108 /* Coordinator */ = {
			isa = PBXGroup;
			children = (
				08DC0C1D2AAFAE1100F87108 /* PostsCoordinator.swift */,
			);
			path = Coordinator;
			sourceTree = "<group>";
		};
		08DC0C1C2AAFADDD00F87108 /* DI */ = {
			isa = PBXGroup;
			children = (
				08DC0C3F2AAFBC8D00F87108 /* PostsContainer.swift */,
			);
			path = DI;
			sourceTree = "<group>";
		};
		08DC0C1F2AAFAF1700F87108 /* Services */ = {
			isa = PBXGroup;
			children = (
				08DC0C412AAFBD9E00F87108 /* Data */,
				08DC0C202AAFAF2600F87108 /* Network */,
				08DC0C422AAFBDAE00F87108 /* Caсhing */,
			);
			path = Services;
			sourceTree = "<group>";
		};
		08DC0C202AAFAF2600F87108 /* Network */ = {
			isa = PBXGroup;
			children = (
				08DC0C2B2AAFB42A00F87108 /* PostsNetworkService.swift */,
				08DC0C292AAFB03800F87108 /* PostsEndpoint.swift */,
				08DC0C272AAFB00200F87108 /* HTTPClient.swift */,
				08DC0C232AAFAF7100F87108 /* Endpoint.swift */,
				08DC0C252AAFAFC400F87108 /* RequestMethod.swift */,
				08DC0C212AAFAF4A00F87108 /* NetworkError.swift */,
			);
			path = Network;
			sourceTree = "<group>";
		};
		08DC0C412AAFBD9E00F87108 /* Data */ = {
			isa = PBXGroup;
			children = (
				08DC0C432AAFBE6B00F87108 /* PostsDataService.swift */,
			);
			path = Data;
			sourceTree = "<group>";
		};
		08DC0C422AAFBDAE00F87108 /* Caсhing */ = {
			isa = PBXGroup;
			children = (
			);
			path = "Caсhing";
			sourceTree = "<group>";
		};
/* End PBXGroup section */

/* Begin PBXNativeTarget section */
		08DC0BF82AAFAACE00F87108 /* PostsApp */ = {
			isa = PBXNativeTarget;
			buildConfigurationList = 08DC0C0D2AAFAACF00F87108 /* Build configuration list for PBXNativeTarget "PostsApp" */;
			buildPhases = (
				08DC0BF52AAFAACE00F87108 /* Sources */,
				08DC0BF62AAFAACE00F87108 /* Frameworks */,
				08DC0BF72AAFAACE00F87108 /* Resources */,
			);
			buildRules = (
			);
			dependencies = (
			);
			name = PostsApp;
			packageProductDependencies = (
				08DC0C362AAFBC1300F87108 /* RxCocoa */,
				08DC0C382AAFBC1300F87108 /* RxRelay */,
				08DC0C3A2AAFBC1300F87108 /* RxSwift */,
				08DC0C3D2AAFBC3100F87108 /* Swinject */,
			);
			productName = PostsApp;
			productReference = 08DC0BF92AAFAACE00F87108 /* PostsApp.app */;
			productType = "com.apple.product-type.application";
		};
/* End PBXNativeTarget section */

/* Begin PBXProject section */
		08DC0BF12AAFAACE00F87108 /* Project object */ = {
			isa = PBXProject;
			attributes = {
				BuildIndependentTargetsInParallel = 1;
				LastSwiftUpdateCheck = 1430;
				LastUpgradeCheck = 1430;
				TargetAttributes = {
					08DC0BF82AAFAACE00F87108 = {
						CreatedOnToolsVersion = 14.3;
					};
				};
			};
			buildConfigurationList = 08DC0BF42AAFAACE00F87108 /* Build configuration list for PBXProject "PostsApp" */;
			compatibilityVersion = "Xcode 14.0";
			developmentRegion = en;
			hasScannedForEncodings = 0;
			knownRegions = (
				en,
				Base,
			);
			mainGroup = 08DC0BF02AAFAACE00F87108;
			packageReferences = (
				08DC0C352AAFBC1300F87108 /* XCRemoteSwiftPackageReference "RxSwift" */,
				08DC0C3C2AAFBC3100F87108 /* XCRemoteSwiftPackageReference "Swinject" */,
			);
			productRefGroup = 08DC0BFA2AAFAACE00F87108 /* Products */;
			projectDirPath = "";
			projectRoot = "";
			targets = (
				08DC0BF82AAFAACE00F87108 /* PostsApp */,
			);
		};
/* End PBXProject section */

/* Begin PBXResourcesBuildPhase section */
		08DC0BF72AAFAACE00F87108 /* Resources */ = {
			isa = PBXResourcesBuildPhase;
			buildActionMask = 2147483647;
			files = (
				08DC0C092AAFAACF00F87108 /* LaunchScreen.storyboard in Resources */,
				08DC0C062AAFAACF00F87108 /* Assets.xcassets in Resources */,
			);
			runOnlyForDeploymentPostprocessing = 0;
		};
/* End PBXResourcesBuildPhase section */

/* Begin PBXSourcesBuildPhase section */
		08DC0BF52AAFAACE00F87108 /* Sources */ = {
			isa = PBXSourcesBuildPhase;
			buildActionMask = 2147483647;
			files = (
				08DC0C2E2AAFB55000F87108 /* User.swift in Sources */,
				08DC0C1E2AAFAE1100F87108 /* PostsCoordinator.swift in Sources */,
				08DC0C442AAFBE6B00F87108 /* PostsDataService.swift in Sources */,
				08DC0C222AAFAF4A00F87108 /* NetworkError.swift in Sources */,
				08DC0C402AAFBC8D00F87108 /* PostsContainer.swift in Sources */,
				08DC0C2A2AAFB03800F87108 /* PostsEndpoint.swift in Sources */,
				08DC0C242AAFAF7100F87108 /* Endpoint.swift in Sources */,
				08DC0C302AAFB5CB00F87108 /* Post.swift in Sources */,
				08DC0C342AAFB96200F87108 /* ListViewModel.swift in Sources */,
				08DC0C2C2AAFB42A00F87108 /* PostsNetworkService.swift in Sources */,
				08DC0C142AAFACE100F87108 /* Coordinator.swift in Sources */,
				08DC0C012AAFAACE00F87108 /* ListViewController.swift in Sources */,
				08DC0C162AAFAD0E00F87108 /* AppCoordinator.swift in Sources */,
				08DC0C322AAFB5ED00F87108 /* Comment.swift in Sources */,
				08DC0C282AAFB00200F87108 /* HTTPClient.swift in Sources */,
				08DC0BFD2AAFAACE00F87108 /* AppDelegate.swift in Sources */,
				08DC0C262AAFAFC400F87108 /* RequestMethod.swift in Sources */,
				08DC0BFF2AAFAACE00F87108 /* SceneDelegate.swift in Sources */,
			);
			runOnlyForDeploymentPostprocessing = 0;
		};
/* End PBXSourcesBuildPhase section */

/* Begin PBXVariantGroup section */
		08DC0C072AAFAACF00F87108 /* LaunchScreen.storyboard */ = {
			isa = PBXVariantGroup;
			children = (
				08DC0C082AAFAACF00F87108 /* Base */,
			);
			name = LaunchScreen.storyboard;
			sourceTree = "<group>";
		};
/* End PBXVariantGroup section */

/* Begin XCBuildConfiguration section */
		08DC0C0B2AAFAACF00F87108 /* Debug */ = {
			isa = XCBuildConfiguration;
			buildSettings = {
				ALWAYS_SEARCH_USER_PATHS = NO;
				CLANG_ANALYZER_NONNULL = YES;
				CLANG_ANALYZER_NUMBER_OBJECT_CONVERSION = YES_AGGRESSIVE;
				CLANG_CXX_LANGUAGE_STANDARD = "gnu++20";
				CLANG_ENABLE_MODULES = YES;
				CLANG_ENABLE_OBJC_ARC = YES;
				CLANG_ENABLE_OBJC_WEAK = YES;
				CLANG_WARN_BLOCK_CAPTURE_AUTORELEASING = YES;
				CLANG_WARN_BOOL_CONVERSION = YES;
				CLANG_WARN_COMMA = YES;
				CLANG_WARN_CONSTANT_CONVERSION = YES;
				CLANG_WARN_DEPRECATED_OBJC_IMPLEMENTATIONS = YES;
				CLANG_WARN_DIRECT_OBJC_ISA_USAGE = YES_ERROR;
				CLANG_WARN_DOCUMENTATION_COMMENTS = YES;
				CLANG_WARN_EMPTY_BODY = YES;
				CLANG_WARN_ENUM_CONVERSION = YES;
				CLANG_WARN_INFINITE_RECURSION = YES;
				CLANG_WARN_INT_CONVERSION = YES;
				CLANG_WARN_NON_LITERAL_NULL_CONVERSION = YES;
				CLANG_WARN_OBJC_IMPLICIT_RETAIN_SELF = YES;
				CLANG_WARN_OBJC_LITERAL_CONVERSION = YES;
				CLANG_WARN_OBJC_ROOT_CLASS = YES_ERROR;
				CLANG_WARN_QUOTED_INCLUDE_IN_FRAMEWORK_HEADER = YES;
				CLANG_WARN_RANGE_LOOP_ANALYSIS = YES;
				CLANG_WARN_STRICT_PROTOTYPES = YES;
				CLANG_WARN_SUSPICIOUS_MOVE = YES;
				CLANG_WARN_UNGUARDED_AVAILABILITY = YES_AGGRESSIVE;
				CLANG_WARN_UNREACHABLE_CODE = YES;
				CLANG_WARN__DUPLICATE_METHOD_MATCH = YES;
				COPY_PHASE_STRIP = NO;
				DEBUG_INFORMATION_FORMAT = dwarf;
				ENABLE_STRICT_OBJC_MSGSEND = YES;
				ENABLE_TESTABILITY = YES;
				GCC_C_LANGUAGE_STANDARD = gnu11;
				GCC_DYNAMIC_NO_PIC = NO;
				GCC_NO_COMMON_BLOCKS = YES;
				GCC_OPTIMIZATION_LEVEL = 0;
				GCC_PREPROCESSOR_DEFINITIONS = (
					"DEBUG=1",
					"$(inherited)",
				);
				GCC_WARN_64_TO_32_BIT_CONVERSION = YES;
				GCC_WARN_ABOUT_RETURN_TYPE = YES_ERROR;
				GCC_WARN_UNDECLARED_SELECTOR = YES;
				GCC_WARN_UNINITIALIZED_AUTOS = YES_AGGRESSIVE;
				GCC_WARN_UNUSED_FUNCTION = YES;
				GCC_WARN_UNUSED_VARIABLE = YES;
				IPHONEOS_DEPLOYMENT_TARGET = 16.4;
				MTL_ENABLE_DEBUG_INFO = INCLUDE_SOURCE;
				MTL_FAST_MATH = YES;
				ONLY_ACTIVE_ARCH = YES;
				SDKROOT = iphoneos;
				SWIFT_ACTIVE_COMPILATION_CONDITIONS = DEBUG;
				SWIFT_OPTIMIZATION_LEVEL = "-Onone";
			};
			name = Debug;
		};
		08DC0C0C2AAFAACF00F87108 /* Release */ = {
			isa = XCBuildConfiguration;
			buildSettings = {
				ALWAYS_SEARCH_USER_PATHS = NO;
				CLANG_ANALYZER_NONNULL = YES;
				CLANG_ANALYZER_NUMBER_OBJECT_CONVERSION = YES_AGGRESSIVE;
				CLANG_CXX_LANGUAGE_STANDARD = "gnu++20";
				CLANG_ENABLE_MODULES = YES;
				CLANG_ENABLE_OBJC_ARC = YES;
				CLANG_ENABLE_OBJC_WEAK = YES;
				CLANG_WARN_BLOCK_CAPTURE_AUTORELEASING = YES;
				CLANG_WARN_BOOL_CONVERSION = YES;
				CLANG_WARN_COMMA = YES;
				CLANG_WARN_CONSTANT_CONVERSION = YES;
				CLANG_WARN_DEPRECATED_OBJC_IMPLEMENTATIONS = YES;
				CLANG_WARN_DIRECT_OBJC_ISA_USAGE = YES_ERROR;
				CLANG_WARN_DOCUMENTATION_COMMENTS = YES;
				CLANG_WARN_EMPTY_BODY = YES;
				CLANG_WARN_ENUM_CONVERSION = YES;
				CLANG_WARN_INFINITE_RECURSION = YES;
				CLANG_WARN_INT_CONVERSION = YES;
				CLANG_WARN_NON_LITERAL_NULL_CONVERSION = YES;
				CLANG_WARN_OBJC_IMPLICIT_RETAIN_SELF = YES;
				CLANG_WARN_OBJC_LITERAL_CONVERSION = YES;
				CLANG_WARN_OBJC_ROOT_CLASS = YES_ERROR;
				CLANG_WARN_QUOTED_INCLUDE_IN_FRAMEWORK_HEADER = YES;
				CLANG_WARN_RANGE_LOOP_ANALYSIS = YES;
				CLANG_WARN_STRICT_PROTOTYPES = YES;
				CLANG_WARN_SUSPICIOUS_MOVE = YES;
				CLANG_WARN_UNGUARDED_AVAILABILITY = YES_AGGRESSIVE;
				CLANG_WARN_UNREACHABLE_CODE = YES;
				CLANG_WARN__DUPLICATE_METHOD_MATCH = YES;
				COPY_PHASE_STRIP = NO;
				DEBUG_INFORMATION_FORMAT = "dwarf-with-dsym";
				ENABLE_NS_ASSERTIONS = NO;
				ENABLE_STRICT_OBJC_MSGSEND = YES;
				GCC_C_LANGUAGE_STANDARD = gnu11;
				GCC_NO_COMMON_BLOCKS = YES;
				GCC_WARN_64_TO_32_BIT_CONVERSION = YES;
				GCC_WARN_ABOUT_RETURN_TYPE = YES_ERROR;
				GCC_WARN_UNDECLARED_SELECTOR = YES;
				GCC_WARN_UNINITIALIZED_AUTOS = YES_AGGRESSIVE;
				GCC_WARN_UNUSED_FUNCTION = YES;
				GCC_WARN_UNUSED_VARIABLE = YES;
				IPHONEOS_DEPLOYMENT_TARGET = 16.4;
				MTL_ENABLE_DEBUG_INFO = NO;
				MTL_FAST_MATH = YES;
				SDKROOT = iphoneos;
				SWIFT_COMPILATION_MODE = wholemodule;
				SWIFT_OPTIMIZATION_LEVEL = "-O";
				VALIDATE_PRODUCT = YES;
			};
			name = Release;
		};
		08DC0C0E2AAFAACF00F87108 /* Debug */ = {
			isa = XCBuildConfiguration;
			buildSettings = {
				ASSETCATALOG_COMPILER_APPICON_NAME = AppIcon;
				ASSETCATALOG_COMPILER_GLOBAL_ACCENT_COLOR_NAME = AccentColor;
				CODE_SIGN_STYLE = Automatic;
				CURRENT_PROJECT_VERSION = 1;
				DEVELOPMENT_TEAM = 82JRS96G7R;
				GENERATE_INFOPLIST_FILE = YES;
				INFOPLIST_FILE = PostsApp/Resources/Info.plist;
				INFOPLIST_KEY_UIApplicationSupportsIndirectInputEvents = YES;
				INFOPLIST_KEY_UILaunchStoryboardName = LaunchScreen;
				INFOPLIST_KEY_UISupportedInterfaceOrientations_iPad = "UIInterfaceOrientationPortrait UIInterfaceOrientationPortraitUpsideDown UIInterfaceOrientationLandscapeLeft UIInterfaceOrientationLandscapeRight";
				INFOPLIST_KEY_UISupportedInterfaceOrientations_iPhone = "UIInterfaceOrientationPortrait UIInterfaceOrientationLandscapeLeft UIInterfaceOrientationLandscapeRight";
				LD_RUNPATH_SEARCH_PATHS = (
					"$(inherited)",
					"@executable_path/Frameworks",
				);
				MARKETING_VERSION = 1.0;
				PRODUCT_BUNDLE_IDENTIFIER = "Molodets-Serhii.PostsApp";
				PRODUCT_NAME = "$(TARGET_NAME)";
				SWIFT_EMIT_LOC_STRINGS = YES;
				SWIFT_VERSION = 5.0;
				TARGETED_DEVICE_FAMILY = "1,2";
			};
			name = Debug;
		};
		08DC0C0F2AAFAACF00F87108 /* Release */ = {
			isa = XCBuildConfiguration;
			buildSettings = {
				ASSETCATALOG_COMPILER_APPICON_NAME = AppIcon;
				ASSETCATALOG_COMPILER_GLOBAL_ACCENT_COLOR_NAME = AccentColor;
				CODE_SIGN_STYLE = Automatic;
				CURRENT_PROJECT_VERSION = 1;
				DEVELOPMENT_TEAM = 82JRS96G7R;
				GENERATE_INFOPLIST_FILE = YES;
				INFOPLIST_FILE = PostsApp/Resources/Info.plist;
				INFOPLIST_KEY_UIApplicationSupportsIndirectInputEvents = YES;
				INFOPLIST_KEY_UILaunchStoryboardName = LaunchScreen;
				INFOPLIST_KEY_UISupportedInterfaceOrientations_iPad = "UIInterfaceOrientationPortrait UIInterfaceOrientationPortraitUpsideDown UIInterfaceOrientationLandscapeLeft UIInterfaceOrientationLandscapeRight";
				INFOPLIST_KEY_UISupportedInterfaceOrientations_iPhone = "UIInterfaceOrientationPortrait UIInterfaceOrientationLandscapeLeft UIInterfaceOrientationLandscapeRight";
				LD_RUNPATH_SEARCH_PATHS = (
					"$(inherited)",
					"@executable_path/Frameworks",
				);
				MARKETING_VERSION = 1.0;
				PRODUCT_BUNDLE_IDENTIFIER = "Molodets-Serhii.PostsApp";
				PRODUCT_NAME = "$(TARGET_NAME)";
				SWIFT_EMIT_LOC_STRINGS = YES;
				SWIFT_VERSION = 5.0;
				TARGETED_DEVICE_FAMILY = "1,2";
			};
			name = Release;
		};
/* End XCBuildConfiguration section */

/* Begin XCConfigurationList section */
		08DC0BF42AAFAACE00F87108 /* Build configuration list for PBXProject "PostsApp" */ = {
			isa = XCConfigurationList;
			buildConfigurations = (
				08DC0C0B2AAFAACF00F87108 /* Debug */,
				08DC0C0C2AAFAACF00F87108 /* Release */,
			);
			defaultConfigurationIsVisible = 0;
			defaultConfigurationName = Release;
		};
		08DC0C0D2AAFAACF00F87108 /* Build configuration list for PBXNativeTarget "PostsApp" */ = {
			isa = XCConfigurationList;
			buildConfigurations = (
				08DC0C0E2AAFAACF00F87108 /* Debug */,
				08DC0C0F2AAFAACF00F87108 /* Release */,
			);
			defaultConfigurationIsVisible = 0;
			defaultConfigurationName = Release;
		};
/* End XCConfigurationList section */

/* Begin XCRemoteSwiftPackageReference section */
		08DC0C352AAFBC1300F87108 /* XCRemoteSwiftPackageReference "RxSwift" */ = {
			isa = XCRemoteSwiftPackageReference;
			repositoryURL = "https://github.com/ReactiveX/RxSwift";
			requirement = {
				kind = upToNextMajorVersion;
				minimumVersion = 6.0.0;
			};
		};
		08DC0C3C2AAFBC3100F87108 /* XCRemoteSwiftPackageReference "Swinject" */ = {
			isa = XCRemoteSwiftPackageReference;
			repositoryURL = "git@github.com:Swinject/Swinject.git";
			requirement = {
				kind = upToNextMajorVersion;
				minimumVersion = 2.0.0;
			};
		};
/* End XCRemoteSwiftPackageReference section */

/* Begin XCSwiftPackageProductDependency section */
		08DC0C362AAFBC1300F87108 /* RxCocoa */ = {
			isa = XCSwiftPackageProductDependency;
			package = 08DC0C352AAFBC1300F87108 /* XCRemoteSwiftPackageReference "RxSwift" */;
			productName = RxCocoa;
		};
		08DC0C382AAFBC1300F87108 /* RxRelay */ = {
			isa = XCSwiftPackageProductDependency;
			package = 08DC0C352AAFBC1300F87108 /* XCRemoteSwiftPackageReference "RxSwift" */;
			productName = RxRelay;
		};
		08DC0C3A2AAFBC1300F87108 /* RxSwift */ = {
			isa = XCSwiftPackageProductDependency;
			package = 08DC0C352AAFBC1300F87108 /* XCRemoteSwiftPackageReference "RxSwift" */;
			productName = RxSwift;
		};
		08DC0C3D2AAFBC3100F87108 /* Swinject */ = {
			isa = XCSwiftPackageProductDependency;
			package = 08DC0C3C2AAFBC3100F87108 /* XCRemoteSwiftPackageReference "Swinject" */;
			productName = Swinject;
		};
/* End XCSwiftPackageProductDependency section */
	};
	rootObject = 08DC0BF12AAFAACE00F87108 /* Project object */;
}
